
Microsoft Visual Studio Solution File, Format Version 12.00
# Visual Studio 15
VisualStudioVersion = 15.0.27703.2042
MinimumVisualStudioVersion = 10.0.40219.1
Project("{FAE04EC0-301F-11D3-BF4B-00C04F79EFBC}") = "Speedrun", "Speedrun\Speedrun.csproj", "{A40CBCB9-86C6-42AF-B73B-4E9114385141}"
EndProject
Global
	GlobalSection(SolutionConfigurationPlatforms) = preSolution
		Debug|Any CPU = Debug|Any CPU
		Release|Any CPU = Release|Any CPU
	EndGlobalSection
	GlobalSection(ProjectConfigurationPlatforms) = postSolution
		{A40CBCB9-86C6-42AF-B73B-4E9114385141}.Debug|Any CPU.ActiveCfg = Debug|Any CPU
		{A40CBCB9-86C6-42AF-B73B-4E9114385141}.Debug|Any CPU.Build.0 = Debug|Any CPU
		{A40CBCB9-86C6-42AF-B73B-4E9114385141}.Release|Any CPU.ActiveCfg = Release|Any CPU
		{A40CBCB9-86C6-42AF-B73B-4E9114385141}.Release|Any CPU.Build.0 = Release|Any CPU
	EndGlobalSection
	GlobalSection(SolutionProperties) = preSolution
		HideSolutionNode = FALSE
	EndGlobalSection
	GlobalSection(ExtensibilityGlobals) = postSolution
		SolutionGuid = {68462EFF-7390-41DA-A5A1-9C985F2267D0}
	EndGlobalSection
EndGlobal
